
Microsoft Visual Studio Solution File, Format Version 12.00
# Visual Studio Version 16
VisualStudioVersion = 16.0.30002.166
MinimumVisualStudioVersion = 10.0.40219.1
Project("{8BC9CEB8-8B4A-11D0-8D11-00A0C91BC942}") = "HackerRank_Recursion_SuperDigit", "HackerRank_Recursion\HackerRank_Recursion.vcxproj", "{C78D8DD0-E9F2-4E82-AC5E-D97A3CD28828}"
EndProject
Project("{8BC9CEB8-8B4A-11D0-8D11-00A0C91BC942}") = "HackerRank_Quicksort1", "HackerRank_newprojecttest\HackerRank_newprojecttest.vcxproj", "{EF6C544E-57FF-4F0D-AA28-30D376E0FA17}"
EndProject
Project("{8BC9CEB8-8B4A-11D0-8D11-00A0C91BC942}") = "Graph_Journey2TheMoon", "Graph_Journey2TheMoon\Graph_Journey2TheMoon.vcxproj", "{3E2DD870-EC41-47DF-9A5D-C2A19CD74068}"
EndProject
Project("{8BC9CEB8-8B4A-11D0-8D11-00A0C91BC942}") = "GraphLevelLists", "GraphLevelLists\GraphLevelLists.vcxproj", "{715D3D5D-7946-47A3-A03B-0A350BAC450F}"
EndProject
Project("{8BC9CEB8-8B4A-11D0-8D11-00A0C91BC942}") = "LeftRotations", "LeftRotations\LeftRotations.vcxproj", "{3F5B4994-E80F-49FC-939B-F86899838EDE}"
EndProject
Project("{8BC9CEB8-8B4A-11D0-8D11-00A0C91BC942}") = "CycleDetect", "CycleDetect\CycleDetect.vcxproj", "{408A7FB3-846D-4233-9229-FE878F450A77}"
EndProject
Project("{8BC9CEB8-8B4A-11D0-8D11-00A0C91BC942}") = "HeapCookies", "HeapCookies\HeapCookies.vcxproj", "{C351F945-AE21-4E89-9471-CF3A454CC511}"
EndProject
Project("{8BC9CEB8-8B4A-11D0-8D11-00A0C91BC942}") = "Gems_Question", "Gems_Question\Gems_Question.vcxproj", "{90C6327A-D880-47F3-A2B1-90CE0C9D393D}"
EndProject
Project("{8BC9CEB8-8B4A-11D0-8D11-00A0C91BC942}") = "BigSorting", "BigSorting\BigSorting.vcxproj", "{549AF33F-D044-4B80-9523-593F9EA57B79}"
EndProject
Project("{8BC9CEB8-8B4A-11D0-8D11-00A0C91BC942}") = "BFS_ShortestReach", "BFS_ShortestReach\BFS_ShortestReach.vcxproj", "{01DC3058-0FC1-42C3-BDBC-325AC6C95063}"
EndProject
Project("{2150E333-8FDC-42A3-9474-1A3956D46DE8}") = "DataStructures", "DataStructures", "{2729DDB8-38C0-4C25-8D6A-47C141D32DE7}"
EndProject
Project("{8BC9CEB8-8B4A-11D0-8D11-00A0C91BC942}") = "HourGlassSum_arrays", "HourGlassSum_arrays\HourGlassSum_arrays.vcxproj", "{9B45C21A-ACB1-4A20-A6B2-461987141F2F}"
EndProject
Project("{8BC9CEB8-8B4A-11D0-8D11-00A0C91BC942}") = "BinaryTreeHeight", "BinaryTreeHeight\BinaryTreeHeight.vcxproj", "{20C388C6-3D4D-4F1C-8A86-2F9AB5A7997F}"
EndProject
Project("{8BC9CEB8-8B4A-11D0-8D11-00A0C91BC942}") = "LCA_1BST", "LCA_1BST\LCA_1BST.vcxproj", "{5D8A399F-BDB2-46CC-961E-BF5EF45D483B}"
EndProject
Project("{2150E333-8FDC-42A3-9474-1A3956D46DE8}") = "C++ Track Projects", "C++ Track Projects", "{CA09D19A-DC86-4707-98FF-5DF86D381B73}"
EndProject
Project("{8BC9CEB8-8B4A-11D0-8D11-00A0C91BC942}") = "MagicSpells", "MagicSpells\MagicSpells.vcxproj", "{F9A604E5-D4FA-4938-980B-5D5C6258716A}"
EndProject
Project("{8BC9CEB8-8B4A-11D0-8D11-00A0C91BC942}") = "EqualStacks", "EqualStacks\EqualStacks.vcxproj", "{F8F99D9F-D538-4AC2-89FA-4073C332F266}"
EndProject
Project("{8BC9CEB8-8B4A-11D0-8D11-00A0C91BC942}") = "CastleOnGrid", "CastleOnGrid\CastleOnGrid.vcxproj", "{526CF9E8-8C15-4E78-86FC-327637EA761B}"
EndProject
Project("{2150E333-8FDC-42A3-9474-1A3956D46DE8}") = "CrackingCodingInterview", "CrackingCodingInterview", "{30166D39-B57A-4E66-BD20-4DD07DDE0E9E}"
EndProject
Project("{8BC9CEB8-8B4A-11D0-8D11-00A0C91BC942}") = "TaleofTwoStacks", "TaleofTwoStacks\TaleofTwoStacks.vcxproj", "{B31B80BD-F40E-41DF-B4AA-8D78FF6B8804}"
EndProject
Project("{2150E333-8FDC-42A3-9474-1A3956D46DE8}") = "Algorithms", "Algorithms", "{966D5593-D08C-4CF9-A486-E0DDA85FA6C5}"
EndProject
Project("{8BC9CEB8-8B4A-11D0-8D11-00A0C91BC942}") = "TheCoinChangeProblem", "TheCoinChangeProblem\TheCoinChangeProblem.vcxproj", "{2CD823EE-5A35-4468-BC89-5A533E31607A}"
EndProject
Project("{8BC9CEB8-8B4A-11D0-8D11-00A0C91BC942}") = "Contacts_Trie", "Contacts_Trie\Contacts_Trie.vcxproj", "{4F61C044-F7F2-41BC-A8F8-77BCF9E059D2}"
EndProject
Project("{8BC9CEB8-8B4A-11D0-8D11-00A0C91BC942}") = "NoPrefixSet_Trie", "NoPrefixSet_Trie\NoPrefixSet_Trie.vcxproj", "{DDBE5BC6-2089-40C4-98BB-B79089E8FFFD}"
EndProject
Project("{8BC9CEB8-8B4A-11D0-8D11-00A0C91BC942}") = "SansaXORBit", "SansaXORBit\SansaXORBit.vcxproj", "{149BAB91-EADB-48D5-AE3C-165290320EC1}"
EndProject
Project("{8BC9CEB8-8B4A-11D0-8D11-00A0C91BC942}") = "CompInGraph_Disjoint", "CompInGraph_Disjoint\CompInGraph_Disjoint.vcxproj", "{A972A835-185C-49A1-B7BE-29C80D3B4080}"
EndProject
Project("{8BC9CEB8-8B4A-11D0-8D11-00A0C91BC942}") = "SherlockCost_DynProg", "SherlockCost_DynProg\SherlockCost_DynProg.vcxproj", "{DBA8F84F-416C-4C59-9401-20C85A36CE22}"
EndProject
Project("{8BC9CEB8-8B4A-11D0-8D11-00A0C91BC942}") = "RoadsAndLibraries", "RoadsAndLibraries\RoadsAndLibraries.vcxproj", "{9CF388AF-2EF8-4426-9625-BAB67D80B6DD}"
EndProject
Project("{8BC9CEB8-8B4A-11D0-8D11-00A0C91BC942}") = "Dijkstra2", "Dijkstra2\Dijkstra2.vcxproj", "{B06CE32C-EA27-4F4F-9F76-14D4B43CB41D}"
EndProject
Project("{8BC9CEB8-8B4A-11D0-8D11-00A0C91BC942}") = "CubeSum", "CubeSum\CubeSum.vcxproj", "{922D9CFE-B954-41B6-A816-7DD04391AAB7}"
EndProject
Project("{8BC9CEB8-8B4A-11D0-8D11-00A0C91BC942}") = "BubbleSort", "BubbleSort\BubbleSort.vcxproj", "{19925488-F99B-4395-9EEB-0658386C8B20}"
EndProject
Project("{8BC9CEB8-8B4A-11D0-8D11-00A0C91BC942}") = "Comparator_Quicksort", "Comparator_Quicksort\Comparator_Quicksort.vcxproj", "{3A173D65-9549-4427-9424-48B6702A6B22}"
EndProject
Project("{8BC9CEB8-8B4A-11D0-8D11-00A0C91BC942}") = "Recursion_Fibb", "Recursion_Fibb\Recursion_Fibb.vcxproj", "{17DF4626-AA32-4FFC-87DC-10AE10A8E8CB}"
EndProject
Project("{8BC9CEB8-8B4A-11D0-8D11-00A0C91BC942}") = "Ransom_Hash", "Ransom_Hash\Ransom_Hash.vcxproj", "{CB516AE7-C316-49A8-B9B3-1DB0A2ABAB8E}"
EndProject
Project("{8BC9CEB8-8B4A-11D0-8D11-00A0C91BC942}") = "Anagram", "Anagram\Anagram.vcxproj", "{A38B7EC4-B61B-45C7-8332-69C843348BDA}"
EndProject
Project("{2150E333-8FDC-42A3-9474-1A3956D46DE8}") = "AI", "AI", "{6FA2F8C2-49BA-45B7-B07C-01485BB97A15}"
EndProject
Project("{8BC9CEB8-8B4A-11D0-8D11-00A0C91BC942}") = "ConwayWhiteBlack", "ConwayWhiteBlack\ConwayWhiteBlack.vcxproj", "{5D8CE7EF-6291-40C4-B8A3-2E1769A09630}"
EndProject
Project("{8BC9CEB8-8B4A-11D0-8D11-00A0C91BC942}") = "Primality", "Primality\Primality.vcxproj", "{B05C6477-D225-4020-82EC-0F33F76A9971}"
EndProject
Project("{2150E333-8FDC-42A3-9474-1A3956D46DE8}") = "0_TemplateSolution", "0_TemplateSolution", "{C391580D-4040-4F22-9AB7-8D8336729B1A}"
EndProject
Project("{8BC9CEB8-8B4A-11D0-8D11-00A0C91BC942}") = "TemplateProject", "TemplateProject\TemplateProject.vcxproj", "{0682DA9B-5020-4C79-B3E4-39C2C4465186}"
EndProject
Project("{8BC9CEB8-8B4A-11D0-8D11-00A0C91BC942}") = "Contacts", "Contacts\Contacts.vcxproj", "{D36213C8-E80E-43C9-BA20-9A7C3BCC4F59}"
EndProject
Project("{8BC9CEB8-8B4A-11D0-8D11-00A0C91BC942}") = "BalancedBrackets", "BalancedBrackets\BalancedBrackets.vcxproj", "{8E5F4D72-7ACF-4C15-B9B0-ADE6CD4AFF8B}"
EndProject
Project("{2150E333-8FDC-42A3-9474-1A3956D46DE8}") = "UofM_Projects", "UofM_Projects", "{5D3CE7D3-2B3C-4E7B-B26A-6980AD80952E}"
EndProject
Project("{8BC9CEB8-8B4A-11D0-8D11-00A0C91BC942}") = "EECS281_Project1Map", "EECS281_Project1Map\EECS281_Project1Map.vcxproj", "{2423FFB2-765F-4B0D-9313-8DFC57470632}"
EndProject
Project("{8BC9CEB8-8B4A-11D0-8D11-00A0C91BC942}") = "Array Manipulation", "Array Manipulation\Array Manipulation.vcxproj", "{2638B4AD-C0C3-4BD7-95D2-8616110615BA}"
EndProject
Project("{8BC9CEB8-8B4A-11D0-8D11-00A0C91BC942}") = "EECS281_Project4RightTurn", "EECS281_Projec4RightTurn\EECS281_Projec4RightTurn.vcxproj", "{B934417B-3F42-4625-ACB6-3F0DFDD8046F}"
EndProject
Project("{8BC9CEB8-8B4A-11D0-8D11-00A0C91BC942}") = "Question20_05", "Question20_05\Question20_05.vcxproj", "{7F6CF862-BF73-4925-A575-37E757DBCF61}"
EndProject
Project("{8BC9CEB8-8B4A-11D0-8D11-00A0C91BC942}") = "MergingCommunities", "MergingCommunities\MergingCommunities.vcxproj", "{10779702-2CD5-4FC6-9673-546143F91C9E}"
EndProject
Global
	GlobalSection(SolutionConfigurationPlatforms) = preSolution
		Debug|x64 = Debug|x64
		Debug|x86 = Debug|x86
		Release|x64 = Release|x64
		Release|x86 = Release|x86
	EndGlobalSection
	GlobalSection(ProjectConfigurationPlatforms) = postSolution
		{C78D8DD0-E9F2-4E82-AC5E-D97A3CD28828}.Debug|x64.ActiveCfg = Debug|x64
		{C78D8DD0-E9F2-4E82-AC5E-D97A3CD28828}.Debug|x64.Build.0 = Debug|x64
		{C78D8DD0-E9F2-4E82-AC5E-D97A3CD28828}.Debug|x86.ActiveCfg = Debug|Win32
		{C78D8DD0-E9F2-4E82-AC5E-D97A3CD28828}.Debug|x86.Build.0 = Debug|Win32
		{C78D8DD0-E9F2-4E82-AC5E-D97A3CD28828}.Release|x64.ActiveCfg = Release|x64
		{C78D8DD0-E9F2-4E82-AC5E-D97A3CD28828}.Release|x64.Build.0 = Release|x64
		{C78D8DD0-E9F2-4E82-AC5E-D97A3CD28828}.Release|x86.ActiveCfg = Release|Win32
		{C78D8DD0-E9F2-4E82-AC5E-D97A3CD28828}.Release|x86.Build.0 = Release|Win32
		{EF6C544E-57FF-4F0D-AA28-30D376E0FA17}.Debug|x64.ActiveCfg = Debug|x64
		{EF6C544E-57FF-4F0D-AA28-30D376E0FA17}.Debug|x64.Build.0 = Debug|x64
		{EF6C544E-57FF-4F0D-AA28-30D376E0FA17}.Debug|x86.ActiveCfg = Debug|Win32
		{EF6C544E-57FF-4F0D-AA28-30D376E0FA17}.Debug|x86.Build.0 = Debug|Win32
		{EF6C544E-57FF-4F0D-AA28-30D376E0FA17}.Release|x64.ActiveCfg = Release|x64
		{EF6C544E-57FF-4F0D-AA28-30D376E0FA17}.Release|x64.Build.0 = Release|x64
		{EF6C544E-57FF-4F0D-AA28-30D376E0FA17}.Release|x86.ActiveCfg = Release|Win32
		{EF6C544E-57FF-4F0D-AA28-30D376E0FA17}.Release|x86.Build.0 = Release|Win32
		{3E2DD870-EC41-47DF-9A5D-C2A19CD74068}.Debug|x64.ActiveCfg = Debug|x64
		{3E2DD870-EC41-47DF-9A5D-C2A19CD74068}.Debug|x64.Build.0 = Debug|x64
		{3E2DD870-EC41-47DF-9A5D-C2A19CD74068}.Debug|x86.ActiveCfg = Debug|Win32
		{3E2DD870-EC41-47DF-9A5D-C2A19CD74068}.Debug|x86.Build.0 = Debug|Win32
		{3E2DD870-EC41-47DF-9A5D-C2A19CD74068}.Release|x64.ActiveCfg = Release|x64
		{3E2DD870-EC41-47DF-9A5D-C2A19CD74068}.Release|x64.Build.0 = Release|x64
		{3E2DD870-EC41-47DF-9A5D-C2A19CD74068}.Release|x86.ActiveCfg = Release|Win32
		{3E2DD870-EC41-47DF-9A5D-C2A19CD74068}.Release|x86.Build.0 = Release|Win32
		{715D3D5D-7946-47A3-A03B-0A350BAC450F}.Debug|x64.ActiveCfg = Debug|x64
		{715D3D5D-7946-47A3-A03B-0A350BAC450F}.Debug|x64.Build.0 = Debug|x64
		{715D3D5D-7946-47A3-A03B-0A350BAC450F}.Debug|x86.ActiveCfg = Debug|Win32
		{715D3D5D-7946-47A3-A03B-0A350BAC450F}.Debug|x86.Build.0 = Debug|Win32
		{715D3D5D-7946-47A3-A03B-0A350BAC450F}.Release|x64.ActiveCfg = Release|x64
		{715D3D5D-7946-47A3-A03B-0A350BAC450F}.Release|x64.Build.0 = Release|x64
		{715D3D5D-7946-47A3-A03B-0A350BAC450F}.Release|x86.ActiveCfg = Release|Win32
		{715D3D5D-7946-47A3-A03B-0A350BAC450F}.Release|x86.Build.0 = Release|Win32
		{3F5B4994-E80F-49FC-939B-F86899838EDE}.Debug|x64.ActiveCfg = Debug|x64
		{3F5B4994-E80F-49FC-939B-F86899838EDE}.Debug|x64.Build.0 = Debug|x64
		{3F5B4994-E80F-49FC-939B-F86899838EDE}.Debug|x86.ActiveCfg = Debug|Win32
		{3F5B4994-E80F-49FC-939B-F86899838EDE}.Debug|x86.Build.0 = Debug|Win32
		{3F5B4994-E80F-49FC-939B-F86899838EDE}.Release|x64.ActiveCfg = Release|x64
		{3F5B4994-E80F-49FC-939B-F86899838EDE}.Release|x64.Build.0 = Release|x64
		{3F5B4994-E80F-49FC-939B-F86899838EDE}.Release|x86.ActiveCfg = Release|Win32
		{3F5B4994-E80F-49FC-939B-F86899838EDE}.Release|x86.Build.0 = Release|Win32
		{408A7FB3-846D-4233-9229-FE878F450A77}.Debug|x64.ActiveCfg = Debug|x64
		{408A7FB3-846D-4233-9229-FE878F450A77}.Debug|x64.Build.0 = Debug|x64
		{408A7FB3-846D-4233-9229-FE878F450A77}.Debug|x86.ActiveCfg = Debug|Win32
		{408A7FB3-846D-4233-9229-FE878F450A77}.Debug|x86.Build.0 = Debug|Win32
		{408A7FB3-846D-4233-9229-FE878F450A77}.Release|x64.ActiveCfg = Release|x64
		{408A7FB3-846D-4233-9229-FE878F450A77}.Release|x64.Build.0 = Release|x64
		{408A7FB3-846D-4233-9229-FE878F450A77}.Release|x86.ActiveCfg = Release|Win32
		{408A7FB3-846D-4233-9229-FE878F450A77}.Release|x86.Build.0 = Release|Win32
		{C351F945-AE21-4E89-9471-CF3A454CC511}.Debug|x64.ActiveCfg = Debug|x64
		{C351F945-AE21-4E89-9471-CF3A454CC511}.Debug|x64.Build.0 = Debug|x64
		{C351F945-AE21-4E89-9471-CF3A454CC511}.Debug|x86.ActiveCfg = Debug|Win32
		{C351F945-AE21-4E89-9471-CF3A454CC511}.Debug|x86.Build.0 = Debug|Win32
		{C351F945-AE21-4E89-9471-CF3A454CC511}.Release|x64.ActiveCfg = Release|x64
		{C351F945-AE21-4E89-9471-CF3A454CC511}.Release|x64.Build.0 = Release|x64
		{C351F945-AE21-4E89-9471-CF3A454CC511}.Release|x86.ActiveCfg = Release|Win32
		{C351F945-AE21-4E89-9471-CF3A454CC511}.Release|x86.Build.0 = Release|Win32
		{90C6327A-D880-47F3-A2B1-90CE0C9D393D}.Debug|x64.ActiveCfg = Debug|x64
		{90C6327A-D880-47F3-A2B1-90CE0C9D393D}.Debug|x64.Build.0 = Debug|x64
		{90C6327A-D880-47F3-A2B1-90CE0C9D393D}.Debug|x86.ActiveCfg = Debug|Win32
		{90C6327A-D880-47F3-A2B1-90CE0C9D393D}.Debug|x86.Build.0 = Debug|Win32
		{90C6327A-D880-47F3-A2B1-90CE0C9D393D}.Release|x64.ActiveCfg = Release|x64
		{90C6327A-D880-47F3-A2B1-90CE0C9D393D}.Release|x64.Build.0 = Release|x64
		{90C6327A-D880-47F3-A2B1-90CE0C9D393D}.Release|x86.ActiveCfg = Release|Win32
		{90C6327A-D880-47F3-A2B1-90CE0C9D393D}.Release|x86.Build.0 = Release|Win32
		{549AF33F-D044-4B80-9523-593F9EA57B79}.Debug|x64.ActiveCfg = Debug|x64
		{549AF33F-D044-4B80-9523-593F9EA57B79}.Debug|x64.Build.0 = Debug|x64
		{549AF33F-D044-4B80-9523-593F9EA57B79}.Debug|x86.ActiveCfg = Debug|Win32
		{549AF33F-D044-4B80-9523-593F9EA57B79}.Debug|x86.Build.0 = Debug|Win32
		{549AF33F-D044-4B80-9523-593F9EA57B79}.Release|x64.ActiveCfg = Release|x64
		{549AF33F-D044-4B80-9523-593F9EA57B79}.Release|x64.Build.0 = Release|x64
		{549AF33F-D044-4B80-9523-593F9EA57B79}.Release|x86.ActiveCfg = Release|Win32
		{549AF33F-D044-4B80-9523-593F9EA57B79}.Release|x86.Build.0 = Release|Win32
		{01DC3058-0FC1-42C3-BDBC-325AC6C95063}.Debug|x64.ActiveCfg = Debug|x64
		{01DC3058-0FC1-42C3-BDBC-325AC6C95063}.Debug|x64.Build.0 = Debug|x64
		{01DC3058-0FC1-42C3-BDBC-325AC6C95063}.Debug|x86.ActiveCfg = Debug|Win32
		{01DC3058-0FC1-42C3-BDBC-325AC6C95063}.Debug|x86.Build.0 = Debug|Win32
		{01DC3058-0FC1-42C3-BDBC-325AC6C95063}.Release|x64.ActiveCfg = Release|x64
		{01DC3058-0FC1-42C3-BDBC-325AC6C95063}.Release|x64.Build.0 = Release|x64
		{01DC3058-0FC1-42C3-BDBC-325AC6C95063}.Release|x86.ActiveCfg = Release|Win32
		{01DC3058-0FC1-42C3-BDBC-325AC6C95063}.Release|x86.Build.0 = Release|Win32
		{9B45C21A-ACB1-4A20-A6B2-461987141F2F}.Debug|x64.ActiveCfg = Debug|x64
		{9B45C21A-ACB1-4A20-A6B2-461987141F2F}.Debug|x64.Build.0 = Debug|x64
		{9B45C21A-ACB1-4A20-A6B2-461987141F2F}.Debug|x86.ActiveCfg = Debug|Win32
		{9B45C21A-ACB1-4A20-A6B2-461987141F2F}.Debug|x86.Build.0 = Debug|Win32
		{9B45C21A-ACB1-4A20-A6B2-461987141F2F}.Release|x64.ActiveCfg = Release|x64
		{9B45C21A-ACB1-4A20-A6B2-461987141F2F}.Release|x64.Build.0 = Release|x64
		{9B45C21A-ACB1-4A20-A6B2-461987141F2F}.Release|x86.ActiveCfg = Release|Win32
		{9B45C21A-ACB1-4A20-A6B2-461987141F2F}.Release|x86.Build.0 = Release|Win32
		{20C388C6-3D4D-4F1C-8A86-2F9AB5A7997F}.Debug|x64.ActiveCfg = Debug|x64
		{20C388C6-3D4D-4F1C-8A86-2F9AB5A7997F}.Debug|x64.Build.0 = Debug|x64
		{20C388C6-3D4D-4F1C-8A86-2F9AB5A7997F}.Debug|x86.ActiveCfg = Debug|Win32
		{20C388C6-3D4D-4F1C-8A86-2F9AB5A7997F}.Debug|x86.Build.0 = Debug|Win32
		{20C388C6-3D4D-4F1C-8A86-2F9AB5A7997F}.Release|x64.ActiveCfg = Release|x64
		{20C388C6-3D4D-4F1C-8A86-2F9AB5A7997F}.Release|x64.Build.0 = Release|x64
		{20C388C6-3D4D-4F1C-8A86-2F9AB5A7997F}.Release|x86.ActiveCfg = Release|Win32
		{20C388C6-3D4D-4F1C-8A86-2F9AB5A7997F}.Release|x86.Build.0 = Release|Win32
		{5D8A399F-BDB2-46CC-961E-BF5EF45D483B}.Debug|x64.ActiveCfg = Debug|x64
		{5D8A399F-BDB2-46CC-961E-BF5EF45D483B}.Debug|x64.Build.0 = Debug|x64
		{5D8A399F-BDB2-46CC-961E-BF5EF45D483B}.Debug|x86.ActiveCfg = Debug|Win32
		{5D8A399F-BDB2-46CC-961E-BF5EF45D483B}.Debug|x86.Build.0 = Debug|Win32
		{5D8A399F-BDB2-46CC-961E-BF5EF45D483B}.Release|x64.ActiveCfg = Release|x64
		{5D8A399F-BDB2-46CC-961E-BF5EF45D483B}.Release|x64.Build.0 = Release|x64
		{5D8A399F-BDB2-46CC-961E-BF5EF45D483B}.Release|x86.ActiveCfg = Release|Win32
		{5D8A399F-BDB2-46CC-961E-BF5EF45D483B}.Release|x86.Build.0 = Release|Win32
		{F9A604E5-D4FA-4938-980B-5D5C6258716A}.Debug|x64.ActiveCfg = Debug|x64
		{F9A604E5-D4FA-4938-980B-5D5C6258716A}.Debug|x64.Build.0 = Debug|x64
		{F9A604E5-D4FA-4938-980B-5D5C6258716A}.Debug|x86.ActiveCfg = Debug|Win32
		{F9A604E5-D4FA-4938-980B-5D5C6258716A}.Debug|x86.Build.0 = Debug|Win32
		{F9A604E5-D4FA-4938-980B-5D5C6258716A}.Release|x64.ActiveCfg = Release|x64
		{F9A604E5-D4FA-4938-980B-5D5C6258716A}.Release|x64.Build.0 = Release|x64
		{F9A604E5-D4FA-4938-980B-5D5C6258716A}.Release|x86.ActiveCfg = Release|Win32
		{F9A604E5-D4FA-4938-980B-5D5C6258716A}.Release|x86.Build.0 = Release|Win32
		{F8F99D9F-D538-4AC2-89FA-4073C332F266}.Debug|x64.ActiveCfg = Debug|x64
		{F8F99D9F-D538-4AC2-89FA-4073C332F266}.Debug|x64.Build.0 = Debug|x64
		{F8F99D9F-D538-4AC2-89FA-4073C332F266}.Debug|x86.ActiveCfg = Debug|Win32
		{F8F99D9F-D538-4AC2-89FA-4073C332F266}.Debug|x86.Build.0 = Debug|Win32
		{F8F99D9F-D538-4AC2-89FA-4073C332F266}.Release|x64.ActiveCfg = Release|x64
		{F8F99D9F-D538-4AC2-89FA-4073C332F266}.Release|x64.Build.0 = Release|x64
		{F8F99D9F-D538-4AC2-89FA-4073C332F266}.Release|x86.ActiveCfg = Release|Win32
		{F8F99D9F-D538-4AC2-89FA-4073C332F266}.Release|x86.Build.0 = Release|Win32
		{526CF9E8-8C15-4E78-86FC-327637EA761B}.Debug|x64.ActiveCfg = Debug|x64
		{526CF9E8-8C15-4E78-86FC-327637EA761B}.Debug|x64.Build.0 = Debug|x64
		{526CF9E8-8C15-4E78-86FC-327637EA761B}.Debug|x86.ActiveCfg = Debug|Win32
		{526CF9E8-8C15-4E78-86FC-327637EA761B}.Debug|x86.Build.0 = Debug|Win32
		{526CF9E8-8C15-4E78-86FC-327637EA761B}.Release|x64.ActiveCfg = Release|x64
		{526CF9E8-8C15-4E78-86FC-327637EA761B}.Release|x64.Build.0 = Release|x64
		{526CF9E8-8C15-4E78-86FC-327637EA761B}.Release|x86.ActiveCfg = Release|Win32
		{526CF9E8-8C15-4E78-86FC-327637EA761B}.Release|x86.Build.0 = Release|Win32
		{B31B80BD-F40E-41DF-B4AA-8D78FF6B8804}.Debug|x64.ActiveCfg = Debug|x64
		{B31B80BD-F40E-41DF-B4AA-8D78FF6B8804}.Debug|x64.Build.0 = Debug|x64
		{B31B80BD-F40E-41DF-B4AA-8D78FF6B8804}.Debug|x86.ActiveCfg = Debug|Win32
		{B31B80BD-F40E-41DF-B4AA-8D78FF6B8804}.Debug|x86.Build.0 = Debug|Win32
		{B31B80BD-F40E-41DF-B4AA-8D78FF6B8804}.Release|x64.ActiveCfg = Release|x64
		{B31B80BD-F40E-41DF-B4AA-8D78FF6B8804}.Release|x64.Build.0 = Release|x64
		{B31B80BD-F40E-41DF-B4AA-8D78FF6B8804}.Release|x86.ActiveCfg = Release|Win32
		{B31B80BD-F40E-41DF-B4AA-8D78FF6B8804}.Release|x86.Build.0 = Release|Win32
		{2CD823EE-5A35-4468-BC89-5A533E31607A}.Debug|x64.ActiveCfg = Debug|x64
		{2CD823EE-5A35-4468-BC89-5A533E31607A}.Debug|x64.Build.0 = Debug|x64
		{2CD823EE-5A35-4468-BC89-5A533E31607A}.Debug|x86.ActiveCfg = Debug|Win32
		{2CD823EE-5A35-4468-BC89-5A533E31607A}.Debug|x86.Build.0 = Debug|Win32
		{2CD823EE-5A35-4468-BC89-5A533E31607A}.Release|x64.ActiveCfg = Release|x64
		{2CD823EE-5A35-4468-BC89-5A533E31607A}.Release|x64.Build.0 = Release|x64
		{2CD823EE-5A35-4468-BC89-5A533E31607A}.Release|x86.ActiveCfg = Release|Win32
		{2CD823EE-5A35-4468-BC89-5A533E31607A}.Release|x86.Build.0 = Release|Win32
		{4F61C044-F7F2-41BC-A8F8-77BCF9E059D2}.Debug|x64.ActiveCfg = Debug|x64
		{4F61C044-F7F2-41BC-A8F8-77BCF9E059D2}.Debug|x64.Build.0 = Debug|x64
		{4F61C044-F7F2-41BC-A8F8-77BCF9E059D2}.Debug|x86.ActiveCfg = Debug|Win32
		{4F61C044-F7F2-41BC-A8F8-77BCF9E059D2}.Debug|x86.Build.0 = Debug|Win32
		{4F61C044-F7F2-41BC-A8F8-77BCF9E059D2}.Release|x64.ActiveCfg = Release|x64
		{4F61C044-F7F2-41BC-A8F8-77BCF9E059D2}.Release|x64.Build.0 = Release|x64
		{4F61C044-F7F2-41BC-A8F8-77BCF9E059D2}.Release|x86.ActiveCfg = Release|Win32
		{4F61C044-F7F2-41BC-A8F8-77BCF9E059D2}.Release|x86.Build.0 = Release|Win32
		{DDBE5BC6-2089-40C4-98BB-B79089E8FFFD}.Debug|x64.ActiveCfg = Debug|x64
		{DDBE5BC6-2089-40C4-98BB-B79089E8FFFD}.Debug|x64.Build.0 = Debug|x64
		{DDBE5BC6-2089-40C4-98BB-B79089E8FFFD}.Debug|x86.ActiveCfg = Debug|Win32
		{DDBE5BC6-2089-40C4-98BB-B79089E8FFFD}.Debug|x86.Build.0 = Debug|Win32
		{DDBE5BC6-2089-40C4-98BB-B79089E8FFFD}.Release|x64.ActiveCfg = Release|x64
		{DDBE5BC6-2089-40C4-98BB-B79089E8FFFD}.Release|x64.Build.0 = Release|x64
		{DDBE5BC6-2089-40C4-98BB-B79089E8FFFD}.Release|x86.ActiveCfg = Release|Win32
		{DDBE5BC6-2089-40C4-98BB-B79089E8FFFD}.Release|x86.Build.0 = Release|Win32
		{149BAB91-EADB-48D5-AE3C-165290320EC1}.Debug|x64.ActiveCfg = Debug|x64
		{149BAB91-EADB-48D5-AE3C-165290320EC1}.Debug|x64.Build.0 = Debug|x64
		{149BAB91-EADB-48D5-AE3C-165290320EC1}.Debug|x86.ActiveCfg = Debug|Win32
		{149BAB91-EADB-48D5-AE3C-165290320EC1}.Debug|x86.Build.0 = Debug|Win32
		{149BAB91-EADB-48D5-AE3C-165290320EC1}.Release|x64.ActiveCfg = Release|x64
		{149BAB91-EADB-48D5-AE3C-165290320EC1}.Release|x64.Build.0 = Release|x64
		{149BAB91-EADB-48D5-AE3C-165290320EC1}.Release|x86.ActiveCfg = Release|Win32
		{149BAB91-EADB-48D5-AE3C-165290320EC1}.Release|x86.Build.0 = Release|Win32
		{A972A835-185C-49A1-B7BE-29C80D3B4080}.Debug|x64.ActiveCfg = Debug|x64
		{A972A835-185C-49A1-B7BE-29C80D3B4080}.Debug|x64.Build.0 = Debug|x64
		{A972A835-185C-49A1-B7BE-29C80D3B4080}.Debug|x86.ActiveCfg = Debug|Win32
		{A972A835-185C-49A1-B7BE-29C80D3B4080}.Debug|x86.Build.0 = Debug|Win32
		{A972A835-185C-49A1-B7BE-29C80D3B4080}.Release|x64.ActiveCfg = Release|x64
		{A972A835-185C-49A1-B7BE-29C80D3B4080}.Release|x64.Build.0 = Release|x64
		{A972A835-185C-49A1-B7BE-29C80D3B4080}.Release|x86.ActiveCfg = Release|Win32
		{A972A835-185C-49A1-B7BE-29C80D3B4080}.Release|x86.Build.0 = Release|Win32
		{DBA8F84F-416C-4C59-9401-20C85A36CE22}.Debug|x64.ActiveCfg = Debug|x64
		{DBA8F84F-416C-4C59-9401-20C85A36CE22}.Debug|x64.Build.0 = Debug|x64
		{DBA8F84F-416C-4C59-9401-20C85A36CE22}.Debug|x86.ActiveCfg = Debug|Win32
		{DBA8F84F-416C-4C59-9401-20C85A36CE22}.Debug|x86.Build.0 = Debug|Win32
		{DBA8F84F-416C-4C59-9401-20C85A36CE22}.Release|x64.ActiveCfg = Release|x64
		{DBA8F84F-416C-4C59-9401-20C85A36CE22}.Release|x64.Build.0 = Release|x64
		{DBA8F84F-416C-4C59-9401-20C85A36CE22}.Release|x86.ActiveCfg = Release|Win32
		{DBA8F84F-416C-4C59-9401-20C85A36CE22}.Release|x86.Build.0 = Release|Win32
		{9CF388AF-2EF8-4426-9625-BAB67D80B6DD}.Debug|x64.ActiveCfg = Debug|x64
		{9CF388AF-2EF8-4426-9625-BAB67D80B6DD}.Debug|x64.Build.0 = Debug|x64
		{9CF388AF-2EF8-4426-9625-BAB67D80B6DD}.Debug|x86.ActiveCfg = Debug|Win32
		{9CF388AF-2EF8-4426-9625-BAB67D80B6DD}.Debug|x86.Build.0 = Debug|Win32
		{9CF388AF-2EF8-4426-9625-BAB67D80B6DD}.Release|x64.ActiveCfg = Release|x64
		{9CF388AF-2EF8-4426-9625-BAB67D80B6DD}.Release|x64.Build.0 = Release|x64
		{9CF388AF-2EF8-4426-9625-BAB67D80B6DD}.Release|x86.ActiveCfg = Release|Win32
		{9CF388AF-2EF8-4426-9625-BAB67D80B6DD}.Release|x86.Build.0 = Release|Win32
		{B06CE32C-EA27-4F4F-9F76-14D4B43CB41D}.Debug|x64.ActiveCfg = Debug|x64
		{B06CE32C-EA27-4F4F-9F76-14D4B43CB41D}.Debug|x64.Build.0 = Debug|x64
		{B06CE32C-EA27-4F4F-9F76-14D4B43CB41D}.Debug|x86.ActiveCfg = Debug|Win32
		{B06CE32C-EA27-4F4F-9F76-14D4B43CB41D}.Debug|x86.Build.0 = Debug|Win32
		{B06CE32C-EA27-4F4F-9F76-14D4B43CB41D}.Release|x64.ActiveCfg = Release|x64
		{B06CE32C-EA27-4F4F-9F76-14D4B43CB41D}.Release|x64.Build.0 = Release|x64
		{B06CE32C-EA27-4F4F-9F76-14D4B43CB41D}.Release|x86.ActiveCfg = Release|Win32
		{B06CE32C-EA27-4F4F-9F76-14D4B43CB41D}.Release|x86.Build.0 = Release|Win32
		{922D9CFE-B954-41B6-A816-7DD04391AAB7}.Debug|x64.ActiveCfg = Debug|x64
		{922D9CFE-B954-41B6-A816-7DD04391AAB7}.Debug|x64.Build.0 = Debug|x64
		{922D9CFE-B954-41B6-A816-7DD04391AAB7}.Debug|x86.ActiveCfg = Debug|Win32
		{922D9CFE-B954-41B6-A816-7DD04391AAB7}.Debug|x86.Build.0 = Debug|Win32
		{922D9CFE-B954-41B6-A816-7DD04391AAB7}.Release|x64.ActiveCfg = Release|x64
		{922D9CFE-B954-41B6-A816-7DD04391AAB7}.Release|x64.Build.0 = Release|x64
		{922D9CFE-B954-41B6-A816-7DD04391AAB7}.Release|x86.ActiveCfg = Release|Win32
		{922D9CFE-B954-41B6-A816-7DD04391AAB7}.Release|x86.Build.0 = Release|Win32
		{19925488-F99B-4395-9EEB-0658386C8B20}.Debug|x64.ActiveCfg = Debug|x64
		{19925488-F99B-4395-9EEB-0658386C8B20}.Debug|x64.Build.0 = Debug|x64
		{19925488-F99B-4395-9EEB-0658386C8B20}.Debug|x86.ActiveCfg = Debug|Win32
		{19925488-F99B-4395-9EEB-0658386C8B20}.Debug|x86.Build.0 = Debug|Win32
		{19925488-F99B-4395-9EEB-0658386C8B20}.Release|x64.ActiveCfg = Release|x64
		{19925488-F99B-4395-9EEB-0658386C8B20}.Release|x64.Build.0 = Release|x64
		{19925488-F99B-4395-9EEB-0658386C8B20}.Release|x86.ActiveCfg = Release|Win32
		{19925488-F99B-4395-9EEB-0658386C8B20}.Release|x86.Build.0 = Release|Win32
		{3A173D65-9549-4427-9424-48B6702A6B22}.Debug|x64.ActiveCfg = Debug|x64
		{3A173D65-9549-4427-9424-48B6702A6B22}.Debug|x64.Build.0 = Debug|x64
		{3A173D65-9549-4427-9424-48B6702A6B22}.Debug|x86.ActiveCfg = Debug|Win32
		{3A173D65-9549-4427-9424-48B6702A6B22}.Debug|x86.Build.0 = Debug|Win32
		{3A173D65-9549-4427-9424-48B6702A6B22}.Release|x64.ActiveCfg = Release|x64
		{3A173D65-9549-4427-9424-48B6702A6B22}.Release|x64.Build.0 = Release|x64
		{3A173D65-9549-4427-9424-48B6702A6B22}.Release|x86.ActiveCfg = Release|Win32
		{3A173D65-9549-4427-9424-48B6702A6B22}.Release|x86.Build.0 = Release|Win32
		{17DF4626-AA32-4FFC-87DC-10AE10A8E8CB}.Debug|x64.ActiveCfg = Debug|x64
		{17DF4626-AA32-4FFC-87DC-10AE10A8E8CB}.Debug|x64.Build.0 = Debug|x64
		{17DF4626-AA32-4FFC-87DC-10AE10A8E8CB}.Debug|x86.ActiveCfg = Debug|Win32
		{17DF4626-AA32-4FFC-87DC-10AE10A8E8CB}.Debug|x86.Build.0 = Debug|Win32
		{17DF4626-AA32-4FFC-87DC-10AE10A8E8CB}.Release|x64.ActiveCfg = Release|x64
		{17DF4626-AA32-4FFC-87DC-10AE10A8E8CB}.Release|x64.Build.0 = Release|x64
		{17DF4626-AA32-4FFC-87DC-10AE10A8E8CB}.Release|x86.ActiveCfg = Release|Win32
		{17DF4626-AA32-4FFC-87DC-10AE10A8E8CB}.Release|x86.Build.0 = Release|Win32
		{CB516AE7-C316-49A8-B9B3-1DB0A2ABAB8E}.Debug|x64.ActiveCfg = Debug|x64
		{CB516AE7-C316-49A8-B9B3-1DB0A2ABAB8E}.Debug|x64.Build.0 = Debug|x64
		{CB516AE7-C316-49A8-B9B3-1DB0A2ABAB8E}.Debug|x86.ActiveCfg = Debug|Win32
		{CB516AE7-C316-49A8-B9B3-1DB0A2ABAB8E}.Debug|x86.Build.0 = Debug|Win32
		{CB516AE7-C316-49A8-B9B3-1DB0A2ABAB8E}.Release|x64.ActiveCfg = Release|x64
		{CB516AE7-C316-49A8-B9B3-1DB0A2ABAB8E}.Release|x64.Build.0 = Release|x64
		{CB516AE7-C316-49A8-B9B3-1DB0A2ABAB8E}.Release|x86.ActiveCfg = Release|Win32
		{CB516AE7-C316-49A8-B9B3-1DB0A2ABAB8E}.Release|x86.Build.0 = Release|Win32
		{A38B7EC4-B61B-45C7-8332-69C843348BDA}.Debug|x64.ActiveCfg = Debug|x64
		{A38B7EC4-B61B-45C7-8332-69C843348BDA}.Debug|x64.Build.0 = Debug|x64
		{A38B7EC4-B61B-45C7-8332-69C843348BDA}.Debug|x86.ActiveCfg = Debug|Win32
		{A38B7EC4-B61B-45C7-8332-69C843348BDA}.Debug|x86.Build.0 = Debug|Win32
		{A38B7EC4-B61B-45C7-8332-69C843348BDA}.Release|x64.ActiveCfg = Release|x64
		{A38B7EC4-B61B-45C7-8332-69C843348BDA}.Release|x64.Build.0 = Release|x64
		{A38B7EC4-B61B-45C7-8332-69C843348BDA}.Release|x86.ActiveCfg = Release|Win32
		{A38B7EC4-B61B-45C7-8332-69C843348BDA}.Release|x86.Build.0 = Release|Win32
		{5D8CE7EF-6291-40C4-B8A3-2E1769A09630}.Debug|x64.ActiveCfg = Debug|x64
		{5D8CE7EF-6291-40C4-B8A3-2E1769A09630}.Debug|x64.Build.0 = Debug|x64
		{5D8CE7EF-6291-40C4-B8A3-2E1769A09630}.Debug|x86.ActiveCfg = Debug|Win32
		{5D8CE7EF-6291-40C4-B8A3-2E1769A09630}.Debug|x86.Build.0 = Debug|Win32
		{5D8CE7EF-6291-40C4-B8A3-2E1769A09630}.Release|x64.ActiveCfg = Release|x64
		{5D8CE7EF-6291-40C4-B8A3-2E1769A09630}.Release|x64.Build.0 = Release|x64
		{5D8CE7EF-6291-40C4-B8A3-2E1769A09630}.Release|x86.ActiveCfg = Release|Win32
		{5D8CE7EF-6291-40C4-B8A3-2E1769A09630}.Release|x86.Build.0 = Release|Win32
		{B05C6477-D225-4020-82EC-0F33F76A9971}.Debug|x64.ActiveCfg = Debug|x64
		{B05C6477-D225-4020-82EC-0F33F76A9971}.Debug|x64.Build.0 = Debug|x64
		{B05C6477-D225-4020-82EC-0F33F76A9971}.Debug|x86.ActiveCfg = Debug|Win32
		{B05C6477-D225-4020-82EC-0F33F76A9971}.Debug|x86.Build.0 = Debug|Win32
		{B05C6477-D225-4020-82EC-0F33F76A9971}.Release|x64.ActiveCfg = Release|x64
		{B05C6477-D225-4020-82EC-0F33F76A9971}.Release|x64.Build.0 = Release|x64
		{B05C6477-D225-4020-82EC-0F33F76A9971}.Release|x86.ActiveCfg = Release|Win32
		{B05C6477-D225-4020-82EC-0F33F76A9971}.Release|x86.Build.0 = Release|Win32
		{0682DA9B-5020-4C79-B3E4-39C2C4465186}.Debug|x64.ActiveCfg = Debug|x64
		{0682DA9B-5020-4C79-B3E4-39C2C4465186}.Debug|x64.Build.0 = Debug|x64
		{0682DA9B-5020-4C79-B3E4-39C2C4465186}.Debug|x86.ActiveCfg = Debug|Win32
		{0682DA9B-5020-4C79-B3E4-39C2C4465186}.Debug|x86.Build.0 = Debug|Win32
		{0682DA9B-5020-4C79-B3E4-39C2C4465186}.Release|x64.ActiveCfg = Release|x64
		{0682DA9B-5020-4C79-B3E4-39C2C4465186}.Release|x64.Build.0 = Release|x64
		{0682DA9B-5020-4C79-B3E4-39C2C4465186}.Release|x86.ActiveCfg = Release|Win32
		{0682DA9B-5020-4C79-B3E4-39C2C4465186}.Release|x86.Build.0 = Release|Win32
		{D36213C8-E80E-43C9-BA20-9A7C3BCC4F59}.Debug|x64.ActiveCfg = Debug|x64
		{D36213C8-E80E-43C9-BA20-9A7C3BCC4F59}.Debug|x64.Build.0 = Debug|x64
		{D36213C8-E80E-43C9-BA20-9A7C3BCC4F59}.Debug|x86.ActiveCfg = Debug|Win32
		{D36213C8-E80E-43C9-BA20-9A7C3BCC4F59}.Debug|x86.Build.0 = Debug|Win32
		{D36213C8-E80E-43C9-BA20-9A7C3BCC4F59}.Release|x64.ActiveCfg = Release|x64
		{D36213C8-E80E-43C9-BA20-9A7C3BCC4F59}.Release|x64.Build.0 = Release|x64
		{D36213C8-E80E-43C9-BA20-9A7C3BCC4F59}.Release|x86.ActiveCfg = Release|Win32
		{D36213C8-E80E-43C9-BA20-9A7C3BCC4F59}.Release|x86.Build.0 = Release|Win32
		{8E5F4D72-7ACF-4C15-B9B0-ADE6CD4AFF8B}.Debug|x64.ActiveCfg = Debug|x64
		{8E5F4D72-7ACF-4C15-B9B0-ADE6CD4AFF8B}.Debug|x64.Build.0 = Debug|x64
		{8E5F4D72-7ACF-4C15-B9B0-ADE6CD4AFF8B}.Debug|x86.ActiveCfg = Debug|Win32
		{8E5F4D72-7ACF-4C15-B9B0-ADE6CD4AFF8B}.Debug|x86.Build.0 = Debug|Win32
		{8E5F4D72-7ACF-4C15-B9B0-ADE6CD4AFF8B}.Release|x64.ActiveCfg = Release|x64
		{8E5F4D72-7ACF-4C15-B9B0-ADE6CD4AFF8B}.Release|x64.Build.0 = Release|x64
		{8E5F4D72-7ACF-4C15-B9B0-ADE6CD4AFF8B}.Release|x86.ActiveCfg = Release|Win32
		{8E5F4D72-7ACF-4C15-B9B0-ADE6CD4AFF8B}.Release|x86.Build.0 = Release|Win32
		{2423FFB2-765F-4B0D-9313-8DFC57470632}.Debug|x64.ActiveCfg = Debug|x64
		{2423FFB2-765F-4B0D-9313-8DFC57470632}.Debug|x64.Build.0 = Debug|x64
		{2423FFB2-765F-4B0D-9313-8DFC57470632}.Debug|x86.ActiveCfg = Debug|Win32
		{2423FFB2-765F-4B0D-9313-8DFC57470632}.Debug|x86.Build.0 = Debug|Win32
		{2423FFB2-765F-4B0D-9313-8DFC57470632}.Release|x64.ActiveCfg = Release|x64
		{2423FFB2-765F-4B0D-9313-8DFC57470632}.Release|x64.Build.0 = Release|x64
		{2423FFB2-765F-4B0D-9313-8DFC57470632}.Release|x86.ActiveCfg = Release|Win32
		{2423FFB2-765F-4B0D-9313-8DFC57470632}.Release|x86.Build.0 = Release|Win32
		{2638B4AD-C0C3-4BD7-95D2-8616110615BA}.Debug|x64.ActiveCfg = Debug|x64
		{2638B4AD-C0C3-4BD7-95D2-8616110615BA}.Debug|x64.Build.0 = Debug|x64
		{2638B4AD-C0C3-4BD7-95D2-8616110615BA}.Debug|x86.ActiveCfg = Debug|Win32
		{2638B4AD-C0C3-4BD7-95D2-8616110615BA}.Debug|x86.Build.0 = Debug|Win32
		{2638B4AD-C0C3-4BD7-95D2-8616110615BA}.Release|x64.ActiveCfg = Release|x64
		{2638B4AD-C0C3-4BD7-95D2-8616110615BA}.Release|x64.Build.0 = Release|x64
		{2638B4AD-C0C3-4BD7-95D2-8616110615BA}.Release|x86.ActiveCfg = Release|Win32
		{2638B4AD-C0C3-4BD7-95D2-8616110615BA}.Release|x86.Build.0 = Release|Win32
		{B934417B-3F42-4625-ACB6-3F0DFDD8046F}.Debug|x64.ActiveCfg = Debug|x64
		{B934417B-3F42-4625-ACB6-3F0DFDD8046F}.Debug|x64.Build.0 = Debug|x64
		{B934417B-3F42-4625-ACB6-3F0DFDD8046F}.Debug|x86.ActiveCfg = Debug|Win32
		{B934417B-3F42-4625-ACB6-3F0DFDD8046F}.Debug|x86.Build.0 = Debug|Win32
		{B934417B-3F42-4625-ACB6-3F0DFDD8046F}.Release|x64.ActiveCfg = Release|x64
		{B934417B-3F42-4625-ACB6-3F0DFDD8046F}.Release|x64.Build.0 = Release|x64
		{B934417B-3F42-4625-ACB6-3F0DFDD8046F}.Release|x86.ActiveCfg = Release|Win32
		{B934417B-3F42-4625-ACB6-3F0DFDD8046F}.Release|x86.Build.0 = Release|Win32
		{7F6CF862-BF73-4925-A575-37E757DBCF61}.Debug|x64.ActiveCfg = Debug|x64
		{7F6CF862-BF73-4925-A575-37E757DBCF61}.Debug|x64.Build.0 = Debug|x64
		{7F6CF862-BF73-4925-A575-37E757DBCF61}.Debug|x86.ActiveCfg = Debug|Win32
		{7F6CF862-BF73-4925-A575-37E757DBCF61}.Debug|x86.Build.0 = Debug|Win32
		{7F6CF862-BF73-4925-A575-37E757DBCF61}.Release|x64.ActiveCfg = Release|x64
		{7F6CF862-BF73-4925-A575-37E757DBCF61}.Release|x64.Build.0 = Release|x64
		{7F6CF862-BF73-4925-A575-37E757DBCF61}.Release|x86.ActiveCfg = Release|Win32
		{7F6CF862-BF73-4925-A575-37E757DBCF61}.Release|x86.Build.0 = Release|Win32
		{10779702-2CD5-4FC6-9673-546143F91C9E}.Debug|x64.ActiveCfg = Debug|x64
		{10779702-2CD5-4FC6-9673-546143F91C9E}.Debug|x64.Build.0 = Debug|x64
		{10779702-2CD5-4FC6-9673-546143F91C9E}.Debug|x86.ActiveCfg = Debug|Win32
		{10779702-2CD5-4FC6-9673-546143F91C9E}.Debug|x86.Build.0 = Debug|Win32
		{10779702-2CD5-4FC6-9673-546143F91C9E}.Release|x64.ActiveCfg = Release|x64
		{10779702-2CD5-4FC6-9673-546143F91C9E}.Release|x64.Build.0 = Release|x64
		{10779702-2CD5-4FC6-9673-546143F91C9E}.Release|x86.ActiveCfg = Release|Win32
		{10779702-2CD5-4FC6-9673-546143F91C9E}.Release|x86.Build.0 = Release|Win32
	EndGlobalSection
	GlobalSection(SolutionProperties) = preSolution
		HideSolutionNode = FALSE
	EndGlobalSection
	GlobalSection(NestedProjects) = preSolution
		{C78D8DD0-E9F2-4E82-AC5E-D97A3CD28828} = {966D5593-D08C-4CF9-A486-E0DDA85FA6C5}
		{EF6C544E-57FF-4F0D-AA28-30D376E0FA17} = {966D5593-D08C-4CF9-A486-E0DDA85FA6C5}
		{3E2DD870-EC41-47DF-9A5D-C2A19CD74068} = {966D5593-D08C-4CF9-A486-E0DDA85FA6C5}
		{715D3D5D-7946-47A3-A03B-0A350BAC450F} = {2729DDB8-38C0-4C25-8D6A-47C141D32DE7}
		{3F5B4994-E80F-49FC-939B-F86899838EDE} = {30166D39-B57A-4E66-BD20-4DD07DDE0E9E}
		{408A7FB3-846D-4233-9229-FE878F450A77} = {30166D39-B57A-4E66-BD20-4DD07DDE0E9E}
		{549AF33F-D044-4B80-9523-593F9EA57B79} = {966D5593-D08C-4CF9-A486-E0DDA85FA6C5}
		{01DC3058-0FC1-42C3-BDBC-325AC6C95063} = {30166D39-B57A-4E66-BD20-4DD07DDE0E9E}
		{9B45C21A-ACB1-4A20-A6B2-461987141F2F} = {2729DDB8-38C0-4C25-8D6A-47C141D32DE7}
		{20C388C6-3D4D-4F1C-8A86-2F9AB5A7997F} = {2729DDB8-38C0-4C25-8D6A-47C141D32DE7}
		{5D8A399F-BDB2-46CC-961E-BF5EF45D483B} = {2729DDB8-38C0-4C25-8D6A-47C141D32DE7}
		{F9A604E5-D4FA-4938-980B-5D5C6258716A} = {CA09D19A-DC86-4707-98FF-5DF86D381B73}
		{F8F99D9F-D538-4AC2-89FA-4073C332F266} = {2729DDB8-38C0-4C25-8D6A-47C141D32DE7}
		{526CF9E8-8C15-4E78-86FC-327637EA761B} = {2729DDB8-38C0-4C25-8D6A-47C141D32DE7}
		{B31B80BD-F40E-41DF-B4AA-8D78FF6B8804} = {30166D39-B57A-4E66-BD20-4DD07DDE0E9E}
		{2CD823EE-5A35-4468-BC89-5A533E31607A} = {966D5593-D08C-4CF9-A486-E0DDA85FA6C5}
		{4F61C044-F7F2-41BC-A8F8-77BCF9E059D2} = {30166D39-B57A-4E66-BD20-4DD07DDE0E9E}
		{DDBE5BC6-2089-40C4-98BB-B79089E8FFFD} = {2729DDB8-38C0-4C25-8D6A-47C141D32DE7}
		{149BAB91-EADB-48D5-AE3C-165290320EC1} = {966D5593-D08C-4CF9-A486-E0DDA85FA6C5}
		{A972A835-185C-49A1-B7BE-29C80D3B4080} = {2729DDB8-38C0-4C25-8D6A-47C141D32DE7}
		{DBA8F84F-416C-4C59-9401-20C85A36CE22} = {966D5593-D08C-4CF9-A486-E0DDA85FA6C5}
		{9CF388AF-2EF8-4426-9625-BAB67D80B6DD} = {966D5593-D08C-4CF9-A486-E0DDA85FA6C5}
		{B06CE32C-EA27-4F4F-9F76-14D4B43CB41D} = {966D5593-D08C-4CF9-A486-E0DDA85FA6C5}
		{922D9CFE-B954-41B6-A816-7DD04391AAB7} = {2729DDB8-38C0-4C25-8D6A-47C141D32DE7}
		{19925488-F99B-4395-9EEB-0658386C8B20} = {30166D39-B57A-4E66-BD20-4DD07DDE0E9E}
		{3A173D65-9549-4427-9424-48B6702A6B22} = {30166D39-B57A-4E66-BD20-4DD07DDE0E9E}
		{17DF4626-AA32-4FFC-87DC-10AE10A8E8CB} = {30166D39-B57A-4E66-BD20-4DD07DDE0E9E}
		{CB516AE7-C316-49A8-B9B3-1DB0A2ABAB8E} = {30166D39-B57A-4E66-BD20-4DD07DDE0E9E}
		{A38B7EC4-B61B-45C7-8332-69C843348BDA} = {30166D39-B57A-4E66-BD20-4DD07DDE0E9E}
		{5D8CE7EF-6291-40C4-B8A3-2E1769A09630} = {6FA2F8C2-49BA-45B7-B07C-01485BB97A15}
		{B05C6477-D225-4020-82EC-0F33F76A9971} = {30166D39-B57A-4E66-BD20-4DD07DDE0E9E}
		{0682DA9B-5020-4C79-B3E4-39C2C4465186} = {C391580D-4040-4F22-9AB7-8D8336729B1A}
		{D36213C8-E80E-43C9-BA20-9A7C3BCC4F59} = {2729DDB8-38C0-4C25-8D6A-47C141D32DE7}
		{8E5F4D72-7ACF-4C15-B9B0-ADE6CD4AFF8B} = {2729DDB8-38C0-4C25-8D6A-47C141D32DE7}
		{2423FFB2-765F-4B0D-9313-8DFC57470632} = {5D3CE7D3-2B3C-4E7B-B26A-6980AD80952E}
		{2638B4AD-C0C3-4BD7-95D2-8616110615BA} = {2729DDB8-38C0-4C25-8D6A-47C141D32DE7}
		{B934417B-3F42-4625-ACB6-3F0DFDD8046F} = {5D3CE7D3-2B3C-4E7B-B26A-6980AD80952E}
		{10779702-2CD5-4FC6-9673-546143F91C9E} = {2729DDB8-38C0-4C25-8D6A-47C141D32DE7}
	EndGlobalSection
	GlobalSection(ExtensibilityGlobals) = postSolution
		SolutionGuid = {83856DFC-A4A1-4B20-BF63-DEB2ED417899}
	EndGlobalSection
EndGlobal
