
Microsoft Visual Studio Solution File, Format Version 12.00
# Visual Studio 15
VisualStudioVersion = 15.0.26430.16
MinimumVisualStudioVersion = 10.0.40219.1
Project("{8BC9CEB8-8B4A-11D0-8D11-00A0C91BC942}") = "HackerRank_Recursion_SuperDigit", "HackerRank_Recursion\HackerRank_Recursion.vcxproj", "{C78D8DD0-E9F2-4E82-AC5E-D97A3CD28828}"
EndProject
Project("{8BC9CEB8-8B4A-11D0-8D11-00A0C91BC942}") = "HackerRank_Quicksort1", "HackerRank_newprojecttest\HackerRank_newprojecttest.vcxproj", "{EF6C544E-57FF-4F0D-AA28-30D376E0FA17}"
EndProject
Project("{8BC9CEB8-8B4A-11D0-8D11-00A0C91BC942}") = "Graph_Journey2TheMoon", "Graph_Journey2TheMoon\Graph_Journey2TheMoon.vcxproj", "{3E2DD870-EC41-47DF-9A5D-C2A19CD74068}"
EndProject
Project("{8BC9CEB8-8B4A-11D0-8D11-00A0C91BC942}") = "GraphLevelLists", "GraphLevelLists\GraphLevelLists.vcxproj", "{715D3D5D-7946-47A3-A03B-0A350BAC450F}"
EndProject
Project("{8BC9CEB8-8B4A-11D0-8D11-00A0C91BC942}") = "LeftRotations", "LeftRotations\LeftRotations.vcxproj", "{3F5B4994-E80F-49FC-939B-F86899838EDE}"
EndProject
Project("{8BC9CEB8-8B4A-11D0-8D11-00A0C91BC942}") = "CycleDetect", "CycleDetect\CycleDetect.vcxproj", "{408A7FB3-846D-4233-9229-FE878F450A77}"
EndProject
Project("{8BC9CEB8-8B4A-11D0-8D11-00A0C91BC942}") = "HeapCookies", "HeapCookies\HeapCookies.vcxproj", "{C351F945-AE21-4E89-9471-CF3A454CC511}"
EndProject
Global
	GlobalSection(SolutionConfigurationPlatforms) = preSolution
		Debug|x64 = Debug|x64
		Debug|x86 = Debug|x86
		Release|x64 = Release|x64
		Release|x86 = Release|x86
	EndGlobalSection
	GlobalSection(ProjectConfigurationPlatforms) = postSolution
		{C78D8DD0-E9F2-4E82-AC5E-D97A3CD28828}.Debug|x64.ActiveCfg = Debug|x64
		{C78D8DD0-E9F2-4E82-AC5E-D97A3CD28828}.Debug|x64.Build.0 = Debug|x64
		{C78D8DD0-E9F2-4E82-AC5E-D97A3CD28828}.Debug|x86.ActiveCfg = Debug|Win32
		{C78D8DD0-E9F2-4E82-AC5E-D97A3CD28828}.Debug|x86.Build.0 = Debug|Win32
		{C78D8DD0-E9F2-4E82-AC5E-D97A3CD28828}.Release|x64.ActiveCfg = Release|x64
		{C78D8DD0-E9F2-4E82-AC5E-D97A3CD28828}.Release|x64.Build.0 = Release|x64
		{C78D8DD0-E9F2-4E82-AC5E-D97A3CD28828}.Release|x86.ActiveCfg = Release|Win32
		{C78D8DD0-E9F2-4E82-AC5E-D97A3CD28828}.Release|x86.Build.0 = Release|Win32
		{EF6C544E-57FF-4F0D-AA28-30D376E0FA17}.Debug|x64.ActiveCfg = Debug|x64
		{EF6C544E-57FF-4F0D-AA28-30D376E0FA17}.Debug|x64.Build.0 = Debug|x64
		{EF6C544E-57FF-4F0D-AA28-30D376E0FA17}.Debug|x86.ActiveCfg = Debug|Win32
		{EF6C544E-57FF-4F0D-AA28-30D376E0FA17}.Debug|x86.Build.0 = Debug|Win32
		{EF6C544E-57FF-4F0D-AA28-30D376E0FA17}.Release|x64.ActiveCfg = Release|x64
		{EF6C544E-57FF-4F0D-AA28-30D376E0FA17}.Release|x64.Build.0 = Release|x64
		{EF6C544E-57FF-4F0D-AA28-30D376E0FA17}.Release|x86.ActiveCfg = Release|Win32
		{EF6C544E-57FF-4F0D-AA28-30D376E0FA17}.Release|x86.Build.0 = Release|Win32
		{3E2DD870-EC41-47DF-9A5D-C2A19CD74068}.Debug|x64.ActiveCfg = Debug|x64
		{3E2DD870-EC41-47DF-9A5D-C2A19CD74068}.Debug|x64.Build.0 = Debug|x64
		{3E2DD870-EC41-47DF-9A5D-C2A19CD74068}.Debug|x86.ActiveCfg = Debug|Win32
		{3E2DD870-EC41-47DF-9A5D-C2A19CD74068}.Debug|x86.Build.0 = Debug|Win32
		{3E2DD870-EC41-47DF-9A5D-C2A19CD74068}.Release|x64.ActiveCfg = Release|x64
		{3E2DD870-EC41-47DF-9A5D-C2A19CD74068}.Release|x64.Build.0 = Release|x64
		{3E2DD870-EC41-47DF-9A5D-C2A19CD74068}.Release|x86.ActiveCfg = Release|Win32
		{3E2DD870-EC41-47DF-9A5D-C2A19CD74068}.Release|x86.Build.0 = Release|Win32
		{715D3D5D-7946-47A3-A03B-0A350BAC450F}.Debug|x64.ActiveCfg = Debug|x64
		{715D3D5D-7946-47A3-A03B-0A350BAC450F}.Debug|x64.Build.0 = Debug|x64
		{715D3D5D-7946-47A3-A03B-0A350BAC450F}.Debug|x86.ActiveCfg = Debug|Win32
		{715D3D5D-7946-47A3-A03B-0A350BAC450F}.Debug|x86.Build.0 = Debug|Win32
		{715D3D5D-7946-47A3-A03B-0A350BAC450F}.Release|x64.ActiveCfg = Release|x64
		{715D3D5D-7946-47A3-A03B-0A350BAC450F}.Release|x64.Build.0 = Release|x64
		{715D3D5D-7946-47A3-A03B-0A350BAC450F}.Release|x86.ActiveCfg = Release|Win32
		{715D3D5D-7946-47A3-A03B-0A350BAC450F}.Release|x86.Build.0 = Release|Win32
		{3F5B4994-E80F-49FC-939B-F86899838EDE}.Debug|x64.ActiveCfg = Debug|x64
		{3F5B4994-E80F-49FC-939B-F86899838EDE}.Debug|x64.Build.0 = Debug|x64
		{3F5B4994-E80F-49FC-939B-F86899838EDE}.Debug|x86.ActiveCfg = Debug|Win32
		{3F5B4994-E80F-49FC-939B-F86899838EDE}.Debug|x86.Build.0 = Debug|Win32
		{3F5B4994-E80F-49FC-939B-F86899838EDE}.Release|x64.ActiveCfg = Release|x64
		{3F5B4994-E80F-49FC-939B-F86899838EDE}.Release|x64.Build.0 = Release|x64
		{3F5B4994-E80F-49FC-939B-F86899838EDE}.Release|x86.ActiveCfg = Release|Win32
		{3F5B4994-E80F-49FC-939B-F86899838EDE}.Release|x86.Build.0 = Release|Win32
		{408A7FB3-846D-4233-9229-FE878F450A77}.Debug|x64.ActiveCfg = Debug|x64
		{408A7FB3-846D-4233-9229-FE878F450A77}.Debug|x64.Build.0 = Debug|x64
		{408A7FB3-846D-4233-9229-FE878F450A77}.Debug|x86.ActiveCfg = Debug|Win32
		{408A7FB3-846D-4233-9229-FE878F450A77}.Debug|x86.Build.0 = Debug|Win32
		{408A7FB3-846D-4233-9229-FE878F450A77}.Release|x64.ActiveCfg = Release|x64
		{408A7FB3-846D-4233-9229-FE878F450A77}.Release|x64.Build.0 = Release|x64
		{408A7FB3-846D-4233-9229-FE878F450A77}.Release|x86.ActiveCfg = Release|Win32
		{408A7FB3-846D-4233-9229-FE878F450A77}.Release|x86.Build.0 = Release|Win32
		{C351F945-AE21-4E89-9471-CF3A454CC511}.Debug|x64.ActiveCfg = Debug|x64
		{C351F945-AE21-4E89-9471-CF3A454CC511}.Debug|x64.Build.0 = Debug|x64
		{C351F945-AE21-4E89-9471-CF3A454CC511}.Debug|x86.ActiveCfg = Debug|Win32
		{C351F945-AE21-4E89-9471-CF3A454CC511}.Debug|x86.Build.0 = Debug|Win32
		{C351F945-AE21-4E89-9471-CF3A454CC511}.Release|x64.ActiveCfg = Release|x64
		{C351F945-AE21-4E89-9471-CF3A454CC511}.Release|x64.Build.0 = Release|x64
		{C351F945-AE21-4E89-9471-CF3A454CC511}.Release|x86.ActiveCfg = Release|Win32
		{C351F945-AE21-4E89-9471-CF3A454CC511}.Release|x86.Build.0 = Release|Win32
	EndGlobalSection
	GlobalSection(SolutionProperties) = preSolution
		HideSolutionNode = FALSE
	EndGlobalSection
EndGlobal
